
Microsoft Visual Studio Solution File, Format Version 12.00
# Visual Studio Version 17
VisualStudioVersion = 17.0.31903.59
MinimumVisualStudioVersion = 10.0.40219.1
Project("{FAE04EC0-301F-11D3-BF4B-00C04F79EFBC}") = "BadReview.Api", "BadReview.Api\BadReview.Api.csproj", "{B94FBDC7-1BDA-452E-8CFF-67D82988EB1A}"
EndProject
Project("{FAE04EC0-301F-11D3-BF4B-00C04F79EFBC}") = "BadReview.Client", "BadReview.Client\BadReview.Client.csproj", "{7DB6C232-44FB-4682-A464-0E52E901542F}"
EndProject
Project("{FAE04EC0-301F-11D3-BF4B-00C04F79EFBC}") = "BadReview.Shared", "BadReview.Shared\BadReview.Shared.csproj", "{91880296-18B8-4FC1-85F4-1886762E9F7C}"
EndProject
Global
	GlobalSection(SolutionConfigurationPlatforms) = preSolution
		Debug|Any CPU = Debug|Any CPU
		Release|Any CPU = Release|Any CPU
	EndGlobalSection
	GlobalSection(SolutionProperties) = preSolution
		HideSolutionNode = FALSE
	EndGlobalSection
	GlobalSection(ProjectConfigurationPlatforms) = postSolution
		{B94FBDC7-1BDA-452E-8CFF-67D82988EB1A}.Debug|Any CPU.ActiveCfg = Debug|Any CPU
		{B94FBDC7-1BDA-452E-8CFF-67D82988EB1A}.Debug|Any CPU.Build.0 = Debug|Any CPU
		{B94FBDC7-1BDA-452E-8CFF-67D82988EB1A}.Release|Any CPU.ActiveCfg = Release|Any CPU
		{B94FBDC7-1BDA-452E-8CFF-67D82988EB1A}.Release|Any CPU.Build.0 = Release|Any CPU
		{7DB6C232-44FB-4682-A464-0E52E901542F}.Debug|Any CPU.ActiveCfg = Debug|Any CPU
		{7DB6C232-44FB-4682-A464-0E52E901542F}.Debug|Any CPU.Build.0 = Debug|Any CPU
		{7DB6C232-44FB-4682-A464-0E52E901542F}.Release|Any CPU.ActiveCfg = Release|Any CPU
		{7DB6C232-44FB-4682-A464-0E52E901542F}.Release|Any CPU.Build.0 = Release|Any CPU
		{91880296-18B8-4FC1-85F4-1886762E9F7C}.Debug|Any CPU.ActiveCfg = Debug|Any CPU
		{91880296-18B8-4FC1-85F4-1886762E9F7C}.Debug|Any CPU.Build.0 = Debug|Any CPU
		{91880296-18B8-4FC1-85F4-1886762E9F7C}.Release|Any CPU.ActiveCfg = Release|Any CPU
		{91880296-18B8-4FC1-85F4-1886762E9F7C}.Release|Any CPU.Build.0 = Release|Any CPU
	EndGlobalSection
EndGlobal
